
Microsoft Visual Studio Solution File, Format Version 12.00
# Visual Studio Version 16
VisualStudioVersion = 16.0.30320.27
MinimumVisualStudioVersion = 10.0.40219.1
Project("{FAE04EC0-301F-11D3-BF4B-00C04F79EFBC}") = "stickyNotes", "stickyNotes\stickyNotes.csproj", "{5AC6D0B0-21E5-44C2-B4A5-EAE70586F8FE}"
EndProject
Global
	GlobalSection(SolutionConfigurationPlatforms) = preSolution
		Debug|Any CPU = Debug|Any CPU
		Release|Any CPU = Release|Any CPU
	EndGlobalSection
	GlobalSection(ProjectConfigurationPlatforms) = postSolution
		{5AC6D0B0-21E5-44C2-B4A5-EAE70586F8FE}.Debug|Any CPU.ActiveCfg = Debug|Any CPU
		{5AC6D0B0-21E5-44C2-B4A5-EAE70586F8FE}.Debug|Any CPU.Build.0 = Debug|Any CPU
		{5AC6D0B0-21E5-44C2-B4A5-EAE70586F8FE}.Release|Any CPU.ActiveCfg = Release|Any CPU
		{5AC6D0B0-21E5-44C2-B4A5-EAE70586F8FE}.Release|Any CPU.Build.0 = Release|Any CPU
	EndGlobalSection
	GlobalSection(SolutionProperties) = preSolution
		HideSolutionNode = FALSE
	EndGlobalSection
	GlobalSection(ExtensibilityGlobals) = postSolution
		SolutionGuid = {4ADF738F-8FF1-470D-BF09-B21A3D73AF86}
	EndGlobalSection
EndGlobal
